
Microsoft Visual Studio Solution File, Format Version 12.00
# Visual Studio Version 17
VisualStudioVersion = 17.13.35825.156 d17.13
MinimumVisualStudioVersion = 10.0.40219.1
Project("{FAE04EC0-301F-11D3-BF4B-00C04F79EFBC}") = "Lab6", "Lab6\Lab6.csproj", "{4A5F60CC-D81A-46EA-8244-FBBC72386990}"
EndProject
Global
	GlobalSection(SolutionConfigurationPlatforms) = preSolution
		Debug|Any CPU = Debug|Any CPU
		Release|Any CPU = Release|Any CPU
	EndGlobalSection
	GlobalSection(ProjectConfigurationPlatforms) = postSolution
		{4A5F60CC-D81A-46EA-8244-FBBC72386990}.Debug|Any CPU.ActiveCfg = Debug|Any CPU
		{4A5F60CC-D81A-46EA-8244-FBBC72386990}.Debug|Any CPU.Build.0 = Debug|Any CPU
		{4A5F60CC-D81A-46EA-8244-FBBC72386990}.Release|Any CPU.ActiveCfg = Release|Any CPU
		{4A5F60CC-D81A-46EA-8244-FBBC72386990}.Release|Any CPU.Build.0 = Release|Any CPU
	EndGlobalSection
	GlobalSection(SolutionProperties) = preSolution
		HideSolutionNode = FALSE
	EndGlobalSection
	GlobalSection(ExtensibilityGlobals) = postSolution
		SolutionGuid = {CBB18E49-A704-4172-9D65-5EEBBBE8CDF7}
	EndGlobalSection
EndGlobal
